{
    "_readme": [
        "This file locks the dependencies of your project to a known state",
        "Read more about it at https://getcomposer.org/doc/01-basic-usage.md#installing-dependencies",
        "This file is @generated automatically"
    ],
    "content-hash": "50f8fa1e270474b564c8c209a7412a8c",
    "packages": [
        {
            "name": "srag/generateplugininfoshelper",
            "version": "2.3.2",
            "source": {
                "type": "git",
                "url": "https://github.com/studer-raimann/GeneratePluginInfosHelper.git",
                "reference": "5de665d2803355843ffb44d8c66d96b049ec1edd"
            },
            "dist": {
                "type": "zip",
                "url": "https://api.github.com/repos/studer-raimann/GeneratePluginInfosHelper/zipball/5de665d2803355843ffb44d8c66d96b049ec1edd",
                "reference": "5de665d2803355843ffb44d8c66d96b049ec1edd",
                "shasum": ""
            },
            "require": {
                "php": ">=7.0"
            },
            "type": "library",
            "extra": {
                "generate_plugin_readme_template": "SRAG_LIBRARY"
            },
            "autoload": {
                "psr-4": {
                    "srag\\GeneratePluginInfosHelper\\": "src/"
                }
            },
            "notification-url": "https://packagist.org/downloads/",
            "license": [
                "GPL-3.0-only"
            ],
            "authors": [
                {
                    "name": "studer + raimann ag - Team Custom 1",
                    "email": "support-custom1@studer-raimann.ch",
                    "homepage": "https://studer-raimann.ch",
                    "role": "Developer"
                }
            ],
            "description": "Generate plugin infos helper",
            "homepage": "https://github.com/studer-raimann/GeneratePluginInfosHelper",
            "keywords": [
                "Infos",
                "generate",
                "helper",
                "plugin"
            ],
            "time": "2020-11-09T13:17:14+00:00"
        },
        {
            "name": "srag/librariesnamespacechanger",
            "version": "0.14.1",
            "source": {
                "type": "git",
                "url": "https://github.com/studer-raimann/LibrariesNamespaceChanger.git",
                "reference": "814a2542d5d5c1a66a44b5eb73b07dec64f71dd8"
            },
            "dist": {
                "type": "zip",
                "url": "https://api.github.com/repos/studer-raimann/LibrariesNamespaceChanger/zipball/814a2542d5d5c1a66a44b5eb73b07dec64f71dd8",
                "reference": "814a2542d5d5c1a66a44b5eb73b07dec64f71dd8",
                "shasum": ""
            },
            "require": {
                "php": ">=7.0"
            },
            "require-dev": {
                "srag/generateplugininfoshelper": ">=0.1.0"
            },
            "type": "library",
            "extra": {
                "generate_plugin_readme_template": "SRAG_LIBRARY"
            },
            "autoload": {
                "psr-4": {
                    "srag\\LibrariesNamespaceChanger\\": "src/"
                }
            },
            "notification-url": "https://packagist.org/downloads/",
            "license": [
                "GPL-3.0-only"
            ],
            "authors": [
                {
                    "name": "studer + raimann ag - Team Custom 1",
                    "email": "support-custom1@studer-raimann.ch",
                    "homepage": "https://studer-raimann.ch",
                    "role": "Developer"
                }
            ],
            "description": "Change namespace of libraries to plugin namespace",
            "homepage": "https://github.com/studer-raimann/LibrariesNamespaceChanger",
            "keywords": [
                "changer",
                "libraries",
                "namespace"
            ],
            "time": "2020-11-09T13:34:04+00:00"
        }
    ],
    "packages-dev": [],
    "aliases": [],
    "minimum-stability": "stable",
    "stability-flags": [],
    "prefer-stable": false,
    "prefer-lowest": false,
    "platform": {
        "php": ">=7.0"
    },
    "platform-dev": [],
    "plugin-api-version": "1.1.0"
}
